{
  "lockfile_version": "1",
  "packages": {
    "claude-code@latest": {
      "last_modified": "2026-03-05T09:48:44Z",
      "resolved": "github:NixOS/nixpkgs/289c8a834fbf87af1f01cb78f479537ef5219a0b#claude-code",
      "source": "devbox-search",
      "version": "2.1.66",
      "systems": {
        "aarch64-darwin": {
          "outputs": [
            {
              "name": "out",
              "path": "/nix/store/f8b1502yd3nymp9cyabjw75ikjcyk4nh-claude-code-2.1.66",
              "default": true
            }
          ],
          "store_path": "/nix/store/f8b1502yd3nymp9cyabjw75ikjcyk4nh-claude-code-2.1.66"
        },
        "aarch64-linux": {
          "outputs": [
            {
              "name": "out",
              "path": "/nix/store/c0dvq2fdxpqdcg9zv0g88cjvgb28b6fs-claude-code-2.1.66",
              "default": true
            }
          ],
          "store_path": "/nix/store/c0dvq2fdxpqdcg9zv0g88cjvgb28b6fs-claude-code-2.1.66"
        },
        "x86_64-darwin": {
          "outputs": [
            {
              "name": "out",
              "path": "/nix/store/a9pscxqql0gvwrmb1yv3266azg8wnh1s-claude-code-2.1.66",
              "default": true
            }
          ],
          "store_path": "/nix/store/a9pscxqql0gvwrmb1yv3266azg8wnh1s-claude-code-2.1.66"
        },
        "x86_64-linux": {
          "outputs": [
            {
              "name": "out",
              "path": "/nix/store/h39xvd04f148j6lamcgdag16l859czbr-claude-code-2.1.66",
              "default": true
            }
          ],
          "store_path": "/nix/store/h39xvd04f148j6lamcgdag16l859czbr-claude-code-2.1.66"
        }
      }
    },
    "github:NixOS/nixpkgs/nixpkgs-unstable": {
      "last_modified": "2026-03-05T01:30:23Z",
      "resolved": "github:NixOS/nixpkgs/66d9241e3dc2296726dc522e62dbfe89c7b449f3?lastModified=1772674223"
    },
    "just@latest": {
      "last_modified": "2026-02-23T15:40:43Z",
      "resolved": "github:NixOS/nixpkgs/80d901ec0377e19ac3f7bb8c035201e2e098cc97#just",
      "source": "devbox-search",
      "version": "1.46.0",
      "systems": {
        "aarch64-darwin": {
          "outputs": [
            {
              "name": "out",
              "path": "/nix/store/70xj73qsinvmbc3rn1rch3k0bk2ric41-just-1.46.0",
              "default": true
            },
            {
              "name": "man",
              "path": "/nix/store/0rf7kvb3b5pz82rwadn4xm8y77x2iy4q-just-1.46.0-man",
              "default": true
            },
            {
              "name": "doc",
              "path": "/nix/store/z9xkrp3wmnlhf9h9s1jsh4r23w9jnjj1-just-1.46.0-doc"
            }
          ],
          "store_path": "/nix/store/70xj73qsinvmbc3rn1rch3k0bk2ric41-just-1.46.0"
        },
        "aarch64-linux": {
          "outputs": [
            {
              "name": "out",
              "path": "/nix/store/429xi40vq2by0f8qibrj8w45n92mkhzf-just-1.46.0",
              "default": true
            },
            {
              "name": "man",
              "path": "/nix/store/sykdbhkkadkdgx0psdm3q1j2zpcqm7nn-just-1.46.0-man",
              "default": true
            },
            {
              "name": "doc",
              "path": "/nix/store/4qwqc5rhwj795kqk6385l97paqpvhlaf-just-1.46.0-doc"
            }
          ],
          "store_path": "/nix/store/429xi40vq2by0f8qibrj8w45n92mkhzf-just-1.46.0"
        },
        "x86_64-darwin": {
          "outputs": [
            {
              "name": "out",
              "path": "/nix/store/2ai2169px8hbs6ap7srh9240v7qarjrl-just-1.46.0",
              "default": true
            },
            {
              "name": "man",
              "path": "/nix/store/ii6487zmcpc6qf5v95pfw646f8smkf87-just-1.46.0-man",
              "default": true
            },
            {
              "name": "doc",
              "path": "/nix/store/7hjj4qlvv9kk7rwj3gwz7pyxy6sc8p74-just-1.46.0-doc"
            }
          ],
          "store_path": "/nix/store/2ai2169px8hbs6ap7srh9240v7qarjrl-just-1.46.0"
        },
        "x86_64-linux": {
          "outputs": [
            {
              "name": "out",
              "path": "/nix/store/x6bvf2yyik9jlp2bdsdh8hbzg4l9sd49-just-1.46.0",
              "default": true
            },
            {
              "name": "man",
              "path": "/nix/store/n15hvaaz1fmrl0fgypqr04yj6mj825rw-just-1.46.0-man",
              "default": true
            },
            {
              "name": "doc",
              "path": "/nix/store/hd32nmf13rby52cd7g5gw6f3p2ghnrhl-just-1.46.0-doc"
            }
          ],
          "store_path": "/nix/store/x6bvf2yyik9jlp2bdsdh8hbzg4l9sd49-just-1.46.0"
        }
      }
    },
    "nodejs@24": {
      "last_modified": "2025-12-29T16:45:58Z",
      "plugin_version": "0.0.2",
      "resolved": "github:NixOS/nixpkgs/346dd96ad74dc4457a9db9de4f4f57dab2e5731d#nodejs_24",
      "source": "devbox-search",
      "version": "24.12.0",
      "systems": {
        "aarch64-darwin": {
          "outputs": [
            {
              "name": "out",
              "path": "/nix/store/b1h0af3yb3z9jz048phclcqw6ihiww67-nodejs-24.12.0",
              "default": true
            },
            {
              "name": "dev",
              "path": "/nix/store/ksn4nj0nbp0ikmh4scy9x4biqqdswwhy-nodejs-24.12.0-dev"
            },
            {
              "name": "libv8",
              "path": "/nix/store/3x72bm7l30ib7l7cximrp0sklcq8jqwy-nodejs-24.12.0-libv8"
            }
          ],
          "store_path": "/nix/store/b1h0af3yb3z9jz048phclcqw6ihiww67-nodejs-24.12.0"
        },
        "aarch64-linux": {
          "outputs": [
            {
              "name": "out",
              "path": "/nix/store/9jfsyhcr9c6rpm94lrkibv75jkggvwss-nodejs-24.12.0",
              "default": true
            },
            {
              "name": "dev",
              "path": "/nix/store/7izhv9x1yvsmyrhmmyps6bxjjclajm80-nodejs-24.12.0-dev"
            },
            {
              "name": "libv8",
              "path": "/nix/store/8hl74pnc1qyz68rg10ixw7fz32hcxqkk-nodejs-24.12.0-libv8"
            }
          ],
          "store_path": "/nix/store/9jfsyhcr9c6rpm94lrkibv75jkggvwss-nodejs-24.12.0"
        },
        "x86_64-darwin": {
          "outputs": [
            {
              "name": "out",
              "path": "/nix/store/cj1243xswxvnwgifyiyg8axhn0r2vl48-nodejs-24.12.0",
              "default": true
            },
            {
              "name": "dev",
              "path": "/nix/store/kzia3rkaf9vwpn3py23q9v49jpjm6zx7-nodejs-24.12.0-dev"
            },
            {
              "name": "libv8",
              "path": "/nix/store/xszji81xj7ghjhz7jk0jkhb84nfwyd8f-nodejs-24.12.0-libv8"
            }
          ],
          "store_path": "/nix/store/cj1243xswxvnwgifyiyg8axhn0r2vl48-nodejs-24.12.0"
        },
        "x86_64-linux": {
          "outputs": [
            {
              "name": "out",
              "path": "/nix/store/9z1v3wyrxp6fpyzw21lcakd5w7aknzyc-nodejs-24.12.0",
              "default": true
            },
            {
              "name": "libv8",
              "path": "/nix/store/5yvx909wlis13qd2y1ahwl7ij21ma69a-nodejs-24.12.0-libv8"
            },
            {
              "name": "dev",
              "path": "/nix/store/7ll99p08gmpg0n048669p80zjibl5akr-nodejs-24.12.0-dev"
            }
          ],
          "store_path": "/nix/store/9z1v3wyrxp6fpyzw21lcakd5w7aknzyc-nodejs-24.12.0"
        }
      }
    },
    "pnpm@latest": {
      "last_modified": "2026-03-05T01:30:23Z",
      "resolved": "github:NixOS/nixpkgs/66d9241e3dc2296726dc522e62dbfe89c7b449f3#pnpm",
      "source": "devbox-search",
      "version": "10.29.2",
      "systems": {
        "aarch64-darwin": {
          "outputs": [
            {
              "name": "out",
              "path": "/nix/store/zhi5rp16mv20ixbk1wzxk694k9kd4ywl-pnpm-10.29.2",
              "default": true
            }
          ],
          "store_path": "/nix/store/zhi5rp16mv20ixbk1wzxk694k9kd4ywl-pnpm-10.29.2"
        },
        "aarch64-linux": {
          "outputs": [
            {
              "name": "out",
              "path": "/nix/store/v829b24rpcl97zh767bfifx9ggvnvg5j-pnpm-10.29.2",
              "default": true
            }
          ],
          "store_path": "/nix/store/v829b24rpcl97zh767bfifx9ggvnvg5j-pnpm-10.29.2"
        },
        "x86_64-darwin": {
          "outputs": [
            {
              "name": "out",
              "path": "/nix/store/ks9l9hj8xrfr62afzl1lgcxbl9106zlp-pnpm-10.29.2",
              "default": true
            }
          ],
          "store_path": "/nix/store/ks9l9hj8xrfr62afzl1lgcxbl9106zlp-pnpm-10.29.2"
        },
        "x86_64-linux": {
          "outputs": [
            {
              "name": "out",
              "path": "/nix/store/hzfx2jjklyfa3lyrwa0n9h037dnsf1i7-pnpm-10.29.2",
              "default": true
            }
          ],
          "store_path": "/nix/store/hzfx2jjklyfa3lyrwa0n9h037dnsf1i7-pnpm-10.29.2"
        }
      }
    }
  }
}
